
Microsoft Visual Studio Solution File, Format Version 12.00
Project("{FAE04EC0-301F-11D3-BF4B-00C04F79EFBC}") = "VMelon", "VMelon\VMelon.csproj", "{89716454-780C-43F0-AA0A-405509180AAF}"
EndProject
Global
	GlobalSection(SolutionConfigurationPlatforms) = preSolution
		Debug|Any CPU = Debug|Any CPU
		Release|Any CPU = Release|Any CPU
	EndGlobalSection
	GlobalSection(ProjectConfigurationPlatforms) = postSolution
		{89716454-780C-43F0-AA0A-405509180AAF}.Debug|Any CPU.ActiveCfg = Debug|Any CPU
		{89716454-780C-43F0-AA0A-405509180AAF}.Debug|Any CPU.Build.0 = Debug|Any CPU
		{89716454-780C-43F0-AA0A-405509180AAF}.Release|Any CPU.ActiveCfg = Release|Any CPU
		{89716454-780C-43F0-AA0A-405509180AAF}.Release|Any CPU.Build.0 = Release|Any CPU
	EndGlobalSection
EndGlobal
